// !$*UTF8*$!
{
	archiveVersion = 1;
	classes = {
	};
	objectVersion = 50;
	objects = {

/* Begin PBXBuildFile section */
		2DD9897B2222BBE7008D58B8 /* ViewController2.swift in Sources */ = {isa = PBXBuildFile; fileRef = 2DD9897A2222BBE7008D58B8 /* ViewController2.swift */; };
		2DD9897D2222BBF1008D58B8 /* ViewController3.swift in Sources */ = {isa = PBXBuildFile; fileRef = 2DD9897C2222BBF1008D58B8 /* ViewController3.swift */; };
		2DFC85D62221DCF0006EB400 /* AppDelegate.swift in Sources */ = {isa = PBXBuildFile; fileRef = 2DFC85D52221DCF0006EB400 /* AppDelegate.swift */; };
		2DFC85DD2221DCF0006EB400 /* Main.storyboard in Resources */ = {isa = PBXBuildFile; fileRef = 2DFC85DB2221DCF0006EB400 /* Main.storyboard */; };
		2DFC85DF2221DCF1006EB400 /* Assets.xcassets in Resources */ = {isa = PBXBuildFile; fileRef = 2DFC85DE2221DCF1006EB400 /* Assets.xcassets */; };
		2DFC85E22221DCF1006EB400 /* LaunchScreen.storyboard in Resources */ = {isa = PBXBuildFile; fileRef = 2DFC85E02221DCF1006EB400 /* LaunchScreen.storyboard */; };
		2DFC85ED2221DCF1006EB400 /* HackIllinois_2019Tests.swift in Sources */ = {isa = PBXBuildFile; fileRef = 2DFC85EC2221DCF1006EB400 /* HackIllinois_2019Tests.swift */; };
		2DFC85F82221DCF1006EB400 /* HackIllinois_2019UITests.swift in Sources */ = {isa = PBXBuildFile; fileRef = 2DFC85F72221DCF1006EB400 /* HackIllinois_2019UITests.swift */; };
		2DFC86082221E778006EB400 /* TableViewController.swift in Sources */ = {isa = PBXBuildFile; fileRef = 2DFC86072221E778006EB400 /* TableViewController.swift */; };
		2DFC860E2222788B006EB400 /* ViewController.swift in Sources */ = {isa = PBXBuildFile; fileRef = 2DFC860D2222788B006EB400 /* ViewController.swift */; };
		4C2A57122099CE31B027232D /* Pods_HackIllinois_2019Tests.framework in Frameworks */ = {isa = PBXBuildFile; fileRef = 8A02F3F7A2E78B4866458B11 /* Pods_HackIllinois_2019Tests.framework */; };
		518CFF02C87ADDADDF08523A /* Pods_HackIllinois_2019UITests.framework in Frameworks */ = {isa = PBXBuildFile; fileRef = 3E8611B796821E0B2D1D32C6 /* Pods_HackIllinois_2019UITests.framework */; };
		785C09B3D9DA2AA529CB01DD /* Pods_HackIllinois_2019.framework in Frameworks */ = {isa = PBXBuildFile; fileRef = C9E034712F0E15F6EA25B38F /* Pods_HackIllinois_2019.framework */; };
/* End PBXBuildFile section */

/* Begin PBXContainerItemProxy section */
		2DFC85E92221DCF1006EB400 /* PBXContainerItemProxy */ = {
			isa = PBXContainerItemProxy;
			containerPortal = 2DFC85CA2221DCF0006EB400 /* Project object */;
			proxyType = 1;
			remoteGlobalIDString = 2DFC85D12221DCF0006EB400;
			remoteInfo = "HackIllinois 2019";
		};
		2DFC85F42221DCF1006EB400 /* PBXContainerItemProxy */ = {
			isa = PBXContainerItemProxy;
			containerPortal = 2DFC85CA2221DCF0006EB400 /* Project object */;
			proxyType = 1;
			remoteGlobalIDString = 2DFC85D12221DCF0006EB400;
			remoteInfo = "HackIllinois 2019";
		};
/* End PBXContainerItemProxy section */

/* Begin PBXFileReference section */
		0996CD50C4A04D6AC4EC9DB7 /* Pods-HackIllinois 2019UITests.release.xcconfig */ = {isa = PBXFileReference; includeInIndex = 1; lastKnownFileType = text.xcconfig; name = "Pods-HackIllinois 2019UITests.release.xcconfig"; path = "Pods/Target Support Files/Pods-HackIllinois 2019UITests/Pods-HackIllinois 2019UITests.release.xcconfig"; sourceTree = "<group>"; };
		27B46F03468D821D8939FA54 /* Pods-HackIllinois 2019UITests.debug.xcconfig */ = {isa = PBXFileReference; includeInIndex = 1; lastKnownFileType = text.xcconfig; name = "Pods-HackIllinois 2019UITests.debug.xcconfig"; path = "Pods/Target Support Files/Pods-HackIllinois 2019UITests/Pods-HackIllinois 2019UITests.debug.xcconfig"; sourceTree = "<group>"; };
		2DD9897A2222BBE7008D58B8 /* ViewController2.swift */ = {isa = PBXFileReference; lastKnownFileType = sourcecode.swift; path = ViewController2.swift; sourceTree = "<group>"; };
		2DD9897C2222BBF1008D58B8 /* ViewController3.swift */ = {isa = PBXFileReference; lastKnownFileType = sourcecode.swift; path = ViewController3.swift; sourceTree = "<group>"; };
		2DFC85D22221DCF0006EB400 /* HackIllinois 2019.app */ = {isa = PBXFileReference; explicitFileType = wrapper.application; includeInIndex = 0; path = "HackIllinois 2019.app"; sourceTree = BUILT_PRODUCTS_DIR; };
		2DFC85D52221DCF0006EB400 /* AppDelegate.swift */ = {isa = PBXFileReference; lastKnownFileType = sourcecode.swift; path = AppDelegate.swift; sourceTree = "<group>"; };
		2DFC85DC2221DCF0006EB400 /* Base */ = {isa = PBXFileReference; lastKnownFileType = file.storyboard; name = Base; path = Base.lproj/Main.storyboard; sourceTree = "<group>"; };
		2DFC85DE2221DCF1006EB400 /* Assets.xcassets */ = {isa = PBXFileReference; lastKnownFileType = folder.assetcatalog; path = Assets.xcassets; sourceTree = "<group>"; };
		2DFC85E12221DCF1006EB400 /* Base */ = {isa = PBXFileReference; lastKnownFileType = file.storyboard; name = Base; path = Base.lproj/LaunchScreen.storyboard; sourceTree = "<group>"; };
		2DFC85E32221DCF1006EB400 /* Info.plist */ = {isa = PBXFileReference; lastKnownFileType = text.plist.xml; path = Info.plist; sourceTree = "<group>"; };
		2DFC85E82221DCF1006EB400 /* HackIllinois 2019Tests.xctest */ = {isa = PBXFileReference; explicitFileType = wrapper.cfbundle; includeInIndex = 0; path = "HackIllinois 2019Tests.xctest"; sourceTree = BUILT_PRODUCTS_DIR; };
		2DFC85EC2221DCF1006EB400 /* HackIllinois_2019Tests.swift */ = {isa = PBXFileReference; lastKnownFileType = sourcecode.swift; path = HackIllinois_2019Tests.swift; sourceTree = "<group>"; };
		2DFC85EE2221DCF1006EB400 /* Info.plist */ = {isa = PBXFileReference; lastKnownFileType = text.plist.xml; path = Info.plist; sourceTree = "<group>"; };
		2DFC85F32221DCF1006EB400 /* HackIllinois 2019UITests.xctest */ = {isa = PBXFileReference; explicitFileType = wrapper.cfbundle; includeInIndex = 0; path = "HackIllinois 2019UITests.xctest"; sourceTree = BUILT_PRODUCTS_DIR; };
		2DFC85F72221DCF1006EB400 /* HackIllinois_2019UITests.swift */ = {isa = PBXFileReference; lastKnownFileType = sourcecode.swift; path = HackIllinois_2019UITests.swift; sourceTree = "<group>"; };
		2DFC85F92221DCF1006EB400 /* Info.plist */ = {isa = PBXFileReference; lastKnownFileType = text.plist.xml; path = Info.plist; sourceTree = "<group>"; };
		2DFC86072221E778006EB400 /* TableViewController.swift */ = {isa = PBXFileReference; lastKnownFileType = sourcecode.swift; path = TableViewController.swift; sourceTree = "<group>"; };
		2DFC860D2222788B006EB400 /* ViewController.swift */ = {isa = PBXFileReference; lastKnownFileType = sourcecode.swift; path = ViewController.swift; sourceTree = "<group>"; };
		3E8611B796821E0B2D1D32C6 /* Pods_HackIllinois_2019UITests.framework */ = {isa = PBXFileReference; explicitFileType = wrapper.framework; includeInIndex = 0; path = Pods_HackIllinois_2019UITests.framework; sourceTree = BUILT_PRODUCTS_DIR; };
		584FB6569517BD06C51DA424 /* Pods-HackIllinois 2019.debug.xcconfig */ = {isa = PBXFileReference; includeInIndex = 1; lastKnownFileType = text.xcconfig; name = "Pods-HackIllinois 2019.debug.xcconfig"; path = "Pods/Target Support Files/Pods-HackIllinois 2019/Pods-HackIllinois 2019.debug.xcconfig"; sourceTree = "<group>"; };
		698CC567AC9295BF76EBF81A /* Pods-HackIllinois 2019Tests.debug.xcconfig */ = {isa = PBXFileReference; includeInIndex = 1; lastKnownFileType = text.xcconfig; name = "Pods-HackIllinois 2019Tests.debug.xcconfig"; path = "Pods/Target Support Files/Pods-HackIllinois 2019Tests/Pods-HackIllinois 2019Tests.debug.xcconfig"; sourceTree = "<group>"; };
		7BA771C936D86285E288442F /* Pods-HackIllinois 2019Tests.release.xcconfig */ = {isa = PBXFileReference; includeInIndex = 1; lastKnownFileType = text.xcconfig; name = "Pods-HackIllinois 2019Tests.release.xcconfig"; path = "Pods/Target Support Files/Pods-HackIllinois 2019Tests/Pods-HackIllinois 2019Tests.release.xcconfig"; sourceTree = "<group>"; };
		8A02F3F7A2E78B4866458B11 /* Pods_HackIllinois_2019Tests.framework */ = {isa = PBXFileReference; explicitFileType = wrapper.framework; includeInIndex = 0; path = Pods_HackIllinois_2019Tests.framework; sourceTree = BUILT_PRODUCTS_DIR; };
		C9E034712F0E15F6EA25B38F /* Pods_HackIllinois_2019.framework */ = {isa = PBXFileReference; explicitFileType = wrapper.framework; includeInIndex = 0; path = Pods_HackIllinois_2019.framework; sourceTree = BUILT_PRODUCTS_DIR; };
		D577AF5B9647A6528B8502EE /* Pods-HackIllinois 2019.release.xcconfig */ = {isa = PBXFileReference; includeInIndex = 1; lastKnownFileType = text.xcconfig; name = "Pods-HackIllinois 2019.release.xcconfig"; path = "Pods/Target Support Files/Pods-HackIllinois 2019/Pods-HackIllinois 2019.release.xcconfig"; sourceTree = "<group>"; };
/* End PBXFileReference section */

/* Begin PBXFrameworksBuildPhase section */
		2DFC85CF2221DCF0006EB400 /* Frameworks */ = {
			isa = PBXFrameworksBuildPhase;
			buildActionMask = 2147483647;
			files = (
				785C09B3D9DA2AA529CB01DD /* Pods_HackIllinois_2019.framework in Frameworks */,
			);
			runOnlyForDeploymentPostprocessing = 0;
		};
		2DFC85E52221DCF1006EB400 /* Frameworks */ = {
			isa = PBXFrameworksBuildPhase;
			buildActionMask = 2147483647;
			files = (
				4C2A57122099CE31B027232D /* Pods_HackIllinois_2019Tests.framework in Frameworks */,
			);
			runOnlyForDeploymentPostprocessing = 0;
		};
		2DFC85F02221DCF1006EB400 /* Frameworks */ = {
			isa = PBXFrameworksBuildPhase;
			buildActionMask = 2147483647;
			files = (
				518CFF02C87ADDADDF08523A /* Pods_HackIllinois_2019UITests.framework in Frameworks */,
			);
			runOnlyForDeploymentPostprocessing = 0;
		};
/* End PBXFrameworksBuildPhase section */

/* Begin PBXGroup section */
		0BE45F54C87F4AA9FA13EC7B /* Pods */ = {
			isa = PBXGroup;
			children = (
				584FB6569517BD06C51DA424 /* Pods-HackIllinois 2019.debug.xcconfig */,
				D577AF5B9647A6528B8502EE /* Pods-HackIllinois 2019.release.xcconfig */,
				698CC567AC9295BF76EBF81A /* Pods-HackIllinois 2019Tests.debug.xcconfig */,
				7BA771C936D86285E288442F /* Pods-HackIllinois 2019Tests.release.xcconfig */,
				27B46F03468D821D8939FA54 /* Pods-HackIllinois 2019UITests.debug.xcconfig */,
				0996CD50C4A04D6AC4EC9DB7 /* Pods-HackIllinois 2019UITests.release.xcconfig */,
			);
			name = Pods;
			sourceTree = "<group>";
		};
		1D05C917C2BB86CA3060F241 /* Frameworks */ = {
			isa = PBXGroup;
			children = (
				C9E034712F0E15F6EA25B38F /* Pods_HackIllinois_2019.framework */,
				8A02F3F7A2E78B4866458B11 /* Pods_HackIllinois_2019Tests.framework */,
				3E8611B796821E0B2D1D32C6 /* Pods_HackIllinois_2019UITests.framework */,
			);
			name = Frameworks;
			sourceTree = "<group>";
		};
		2DFC85C92221DCF0006EB400 = {
			isa = PBXGroup;
			children = (
				2DFC85D42221DCF0006EB400 /* HackIllinois 2019 */,
				2DFC85EB2221DCF1006EB400 /* HackIllinois 2019Tests */,
				2DFC85F62221DCF1006EB400 /* HackIllinois 2019UITests */,
				2DFC85D32221DCF0006EB400 /* Products */,
				0BE45F54C87F4AA9FA13EC7B /* Pods */,
				1D05C917C2BB86CA3060F241 /* Frameworks */,
			);
			sourceTree = "<group>";
		};
		2DFC85D32221DCF0006EB400 /* Products */ = {
			isa = PBXGroup;
			children = (
				2DFC85D22221DCF0006EB400 /* HackIllinois 2019.app */,
				2DFC85E82221DCF1006EB400 /* HackIllinois 2019Tests.xctest */,
				2DFC85F32221DCF1006EB400 /* HackIllinois 2019UITests.xctest */,
			);
			name = Products;
			sourceTree = "<group>";
		};
		2DFC85D42221DCF0006EB400 /* HackIllinois 2019 */ = {
			isa = PBXGroup;
			children = (
				2DFC85D52221DCF0006EB400 /* AppDelegate.swift */,
				2DFC86072221E778006EB400 /* TableViewController.swift */,
				2DFC860D2222788B006EB400 /* ViewController.swift */,
				2DFC85DB2221DCF0006EB400 /* Main.storyboard */,
				2DD9897A2222BBE7008D58B8 /* ViewController2.swift */,
				2DD9897C2222BBF1008D58B8 /* ViewController3.swift */,
				2DFC85DE2221DCF1006EB400 /* Assets.xcassets */,
				2DFC85E02221DCF1006EB400 /* LaunchScreen.storyboard */,
				2DFC85E32221DCF1006EB400 /* Info.plist */,
			);
			path = "HackIllinois 2019";
			sourceTree = "<group>";
		};
		2DFC85EB2221DCF1006EB400 /* HackIllinois 2019Tests */ = {
			isa = PBXGroup;
			children = (
				2DFC85EC2221DCF1006EB400 /* HackIllinois_2019Tests.swift */,
				2DFC85EE2221DCF1006EB400 /* Info.plist */,
			);
			path = "HackIllinois 2019Tests";
			sourceTree = "<group>";
		};
		2DFC85F62221DCF1006EB400 /* HackIllinois 2019UITests */ = {
			isa = PBXGroup;
			children = (
				2DFC85F72221DCF1006EB400 /* HackIllinois_2019UITests.swift */,
				2DFC85F92221DCF1006EB400 /* Info.plist */,
			);
			path = "HackIllinois 2019UITests";
			sourceTree = "<group>";
		};
/* End PBXGroup section */

/* Begin PBXNativeTarget section */
		2DFC85D12221DCF0006EB400 /* HackIllinois 2019 */ = {
			isa = PBXNativeTarget;
			buildConfigurationList = 2DFC85FC2221DCF2006EB400 /* Build configuration list for PBXNativeTarget "HackIllinois 2019" */;
			buildPhases = (
				761C2D8E4BBF2273ECEE344C /* [CP] Check Pods Manifest.lock */,
				2DFC85CE2221DCF0006EB400 /* Sources */,
				2DFC85CF2221DCF0006EB400 /* Frameworks */,
				2DFC85D02221DCF0006EB400 /* Resources */,
				E867DA388871DD63F6F0D1EE /* [CP] Embed Pods Frameworks */,
			);
			buildRules = (
			);
			dependencies = (
			);
			name = "HackIllinois 2019";
			productName = "HackIllinois 2019";
			productReference = 2DFC85D22221DCF0006EB400 /* HackIllinois 2019.app */;
			productType = "com.apple.product-type.application";
		};
		2DFC85E72221DCF1006EB400 /* HackIllinois 2019Tests */ = {
			isa = PBXNativeTarget;
			buildConfigurationList = 2DFC85FF2221DCF2006EB400 /* Build configuration list for PBXNativeTarget "HackIllinois 2019Tests" */;
			buildPhases = (
				F2E2630EFFA23E35CEE4FE4E /* [CP] Check Pods Manifest.lock */,
				2DFC85E42221DCF1006EB400 /* Sources */,
				2DFC85E52221DCF1006EB400 /* Frameworks */,
				2DFC85E62221DCF1006EB400 /* Resources */,
			);
			buildRules = (
			);
			dependencies = (
				2DFC85EA2221DCF1006EB400 /* PBXTargetDependency */,
			);
			name = "HackIllinois 2019Tests";
			productName = "HackIllinois 2019Tests";
			productReference = 2DFC85E82221DCF1006EB400 /* HackIllinois 2019Tests.xctest */;
			productType = "com.apple.product-type.bundle.unit-test";
		};
		2DFC85F22221DCF1006EB400 /* HackIllinois 2019UITests */ = {
			isa = PBXNativeTarget;
			buildConfigurationList = 2DFC86022221DCF2006EB400 /* Build configuration list for PBXNativeTarget "HackIllinois 2019UITests" */;
			buildPhases = (
				5A587F58733B646D247220CB /* [CP] Check Pods Manifest.lock */,
				2DFC85EF2221DCF1006EB400 /* Sources */,
				2DFC85F02221DCF1006EB400 /* Frameworks */,
				2DFC85F12221DCF1006EB400 /* Resources */,
			);
			buildRules = (
			);
			dependencies = (
				2DFC85F52221DCF1006EB400 /* PBXTargetDependency */,
			);
			name = "HackIllinois 2019UITests";
			productName = "HackIllinois 2019UITests";
			productReference = 2DFC85F32221DCF1006EB400 /* HackIllinois 2019UITests.xctest */;
			productType = "com.apple.product-type.bundle.ui-testing";
		};
/* End PBXNativeTarget section */

/* Begin PBXProject section */
		2DFC85CA2221DCF0006EB400 /* Project object */ = {
			isa = PBXProject;
			attributes = {
				LastSwiftUpdateCheck = 1010;
				LastUpgradeCheck = 1010;
				ORGANIZATIONNAME = "Pamela Sanan";
				TargetAttributes = {
					2DFC85D12221DCF0006EB400 = {
						CreatedOnToolsVersion = 10.1;
						SystemCapabilities = {
							com.apple.BackgroundModes = {
								enabled = 1;
							};
						};
					};
					2DFC85E72221DCF1006EB400 = {
						CreatedOnToolsVersion = 10.1;
						TestTargetID = 2DFC85D12221DCF0006EB400;
					};
					2DFC85F22221DCF1006EB400 = {
						CreatedOnToolsVersion = 10.1;
						TestTargetID = 2DFC85D12221DCF0006EB400;
					};
				};
			};
			buildConfigurationList = 2DFC85CD2221DCF0006EB400 /* Build configuration list for PBXProject "HackIllinois 2019" */;
			compatibilityVersion = "Xcode 9.3";
			developmentRegion = en;
			hasScannedForEncodings = 0;
			knownRegions = (
				en,
				Base,
			);
			mainGroup = 2DFC85C92221DCF0006EB400;
			productRefGroup = 2DFC85D32221DCF0006EB400 /* Products */;
			projectDirPath = "";
			projectRoot = "";
			targets = (
				2DFC85D12221DCF0006EB400 /* HackIllinois 2019 */,
				2DFC85E72221DCF1006EB400 /* HackIllinois 2019Tests */,
				2DFC85F22221DCF1006EB400 /* HackIllinois 2019UITests */,
			);
		};
/* End PBXProject section */

/* Begin PBXResourcesBuildPhase section */
		2DFC85D02221DCF0006EB400 /* Resources */ = {
			isa = PBXResourcesBuildPhase;
			buildActionMask = 2147483647;
			files = (
				2DFC85E22221DCF1006EB400 /* LaunchScreen.storyboard in Resources */,
				2DFC85DF2221DCF1006EB400 /* Assets.xcassets in Resources */,
				2DFC85DD2221DCF0006EB400 /* Main.storyboard in Resources */,
			);
			runOnlyForDeploymentPostprocessing = 0;
		};
		2DFC85E62221DCF1006EB400 /* Resources */ = {
			isa = PBXResourcesBuildPhase;
			buildActionMask = 2147483647;
			files = (
			);
			runOnlyForDeploymentPostprocessing = 0;
		};
		2DFC85F12221DCF1006EB400 /* Resources */ = {
			isa = PBXResourcesBuildPhase;
			buildActionMask = 2147483647;
			files = (
			);
			runOnlyForDeploymentPostprocessing = 0;
		};
/* End PBXResourcesBuildPhase section */

/* Begin PBXShellScriptBuildPhase section */
		5A587F58733B646D247220CB /* [CP] Check Pods Manifest.lock */ = {
			isa = PBXShellScriptBuildPhase;
			buildActionMask = 2147483647;
			files = (
			);
			inputPaths = (
				"${PODS_PODFILE_DIR_PATH}/Podfile.lock",
				"${PODS_ROOT}/Manifest.lock",
			);
			name = "[CP] Check Pods Manifest.lock";
			outputPaths = (
				"$(DERIVED_FILE_DIR)/Pods-HackIllinois 2019UITests-checkManifestLockResult.txt",
			);
			runOnlyForDeploymentPostprocessing = 0;
			shellPath = /bin/sh;
			shellScript = "diff \"${PODS_PODFILE_DIR_PATH}/Podfile.lock\" \"${PODS_ROOT}/Manifest.lock\" > /dev/null\nif [ $? != 0 ] ; then\n    # print error to STDERR\n    echo \"error: The sandbox is not in sync with the Podfile.lock. Run 'pod install' or update your CocoaPods installation.\" >&2\n    exit 1\nfi\n# This output is used by Xcode 'outputs' to avoid re-running this script phase.\necho \"SUCCESS\" > \"${SCRIPT_OUTPUT_FILE_0}\"\n";
			showEnvVarsInLog = 0;
		};
		761C2D8E4BBF2273ECEE344C /* [CP] Check Pods Manifest.lock */ = {
			isa = PBXShellScriptBuildPhase;
			buildActionMask = 2147483647;
			files = (
			);
			inputPaths = (
				"${PODS_PODFILE_DIR_PATH}/Podfile.lock",
				"${PODS_ROOT}/Manifest.lock",
			);
			name = "[CP] Check Pods Manifest.lock";
			outputPaths = (
				"$(DERIVED_FILE_DIR)/Pods-HackIllinois 2019-checkManifestLockResult.txt",
			);
			runOnlyForDeploymentPostprocessing = 0;
			shellPath = /bin/sh;
			shellScript = "diff \"${PODS_PODFILE_DIR_PATH}/Podfile.lock\" \"${PODS_ROOT}/Manifest.lock\" > /dev/null\nif [ $? != 0 ] ; then\n    # print error to STDERR\n    echo \"error: The sandbox is not in sync with the Podfile.lock. Run 'pod install' or update your CocoaPods installation.\" >&2\n    exit 1\nfi\n# This output is used by Xcode 'outputs' to avoid re-running this script phase.\necho \"SUCCESS\" > \"${SCRIPT_OUTPUT_FILE_0}\"\n";
			showEnvVarsInLog = 0;
		};
		E867DA388871DD63F6F0D1EE /* [CP] Embed Pods Frameworks */ = {
			isa = PBXShellScriptBuildPhase;
			buildActionMask = 2147483647;
			files = (
			);
			inputPaths = (
				"${SRCROOT}/Pods/Target Support Files/Pods-HackIllinois 2019/Pods-HackIllinois 2019-frameworks.sh",
				"${BUILT_PRODUCTS_DIR}/Moscapsule/Moscapsule.framework",
			);
			name = "[CP] Embed Pods Frameworks";
			outputPaths = (
				"${TARGET_BUILD_DIR}/${FRAMEWORKS_FOLDER_PATH}/Moscapsule.framework",
			);
			runOnlyForDeploymentPostprocessing = 0;
			shellPath = /bin/sh;
			shellScript = "\"${SRCROOT}/Pods/Target Support Files/Pods-HackIllinois 2019/Pods-HackIllinois 2019-frameworks.sh\"\n";
			showEnvVarsInLog = 0;
		};
		F2E2630EFFA23E35CEE4FE4E /* [CP] Check Pods Manifest.lock */ = {
			isa = PBXShellScriptBuildPhase;
			buildActionMask = 2147483647;
			files = (
			);
			inputPaths = (
				"${PODS_PODFILE_DIR_PATH}/Podfile.lock",
				"${PODS_ROOT}/Manifest.lock",
			);
			name = "[CP] Check Pods Manifest.lock";
			outputPaths = (
				"$(DERIVED_FILE_DIR)/Pods-HackIllinois 2019Tests-checkManifestLockResult.txt",
			);
			runOnlyForDeploymentPostprocessing = 0;
			shellPath = /bin/sh;
			shellScript = "diff \"${PODS_PODFILE_DIR_PATH}/Podfile.lock\" \"${PODS_ROOT}/Manifest.lock\" > /dev/null\nif [ $? != 0 ] ; then\n    # print error to STDERR\n    echo \"error: The sandbox is not in sync with the Podfile.lock. Run 'pod install' or update your CocoaPods installation.\" >&2\n    exit 1\nfi\n# This output is used by Xcode 'outputs' to avoid re-running this script phase.\necho \"SUCCESS\" > \"${SCRIPT_OUTPUT_FILE_0}\"\n";
			showEnvVarsInLog = 0;
		};
/* End PBXShellScriptBuildPhase section */

/* Begin PBXSourcesBuildPhase section */
		2DFC85CE2221DCF0006EB400 /* Sources */ = {
			isa = PBXSourcesBuildPhase;
			buildActionMask = 2147483647;
			files = (
				2DD9897D2222BBF1008D58B8 /* ViewController3.swift in Sources */,
				2DFC860E2222788B006EB400 /* ViewController.swift in Sources */,
				2DD9897B2222BBE7008D58B8 /* ViewController2.swift in Sources */,
				2DFC85D62221DCF0006EB400 /* AppDelegate.swift in Sources */,
				2DFC86082221E778006EB400 /* TableViewController.swift in Sources */,
			);
			runOnlyForDeploymentPostprocessing = 0;
		};
		2DFC85E42221DCF1006EB400 /* Sources */ = {
			isa = PBXSourcesBuildPhase;
			buildActionMask = 2147483647;
			files = (
				2DFC85ED2221DCF1006EB400 /* HackIllinois_2019Tests.swift in Sources */,
			);
			runOnlyForDeploymentPostprocessing = 0;
		};
		2DFC85EF2221DCF1006EB400 /* Sources */ = {
			isa = PBXSourcesBuildPhase;
			buildActionMask = 2147483647;
			files = (
				2DFC85F82221DCF1006EB400 /* HackIllinois_2019UITests.swift in Sources */,
			);
			runOnlyForDeploymentPostprocessing = 0;
		};
/* End PBXSourcesBuildPhase section */

/* Begin PBXTargetDependency section */
		2DFC85EA2221DCF1006EB400 /* PBXTargetDependency */ = {
			isa = PBXTargetDependency;
			target = 2DFC85D12221DCF0006EB400 /* HackIllinois 2019 */;
			targetProxy = 2DFC85E92221DCF1006EB400 /* PBXContainerItemProxy */;
		};
		2DFC85F52221DCF1006EB400 /* PBXTargetDependency */ = {
			isa = PBXTargetDependency;
			target = 2DFC85D12221DCF0006EB400 /* HackIllinois 2019 */;
			targetProxy = 2DFC85F42221DCF1006EB400 /* PBXContainerItemProxy */;
		};
/* End PBXTargetDependency section */

/* Begin PBXVariantGroup section */
		2DFC85DB2221DCF0006EB400 /* Main.storyboard */ = {
			isa = PBXVariantGroup;
			children = (
				2DFC85DC2221DCF0006EB400 /* Base */,
			);
			name = Main.storyboard;
			sourceTree = "<group>";
		};
		2DFC85E02221DCF1006EB400 /* LaunchScreen.storyboard */ = {
			isa = PBXVariantGroup;
			children = (
				2DFC85E12221DCF1006EB400 /* Base */,
			);
			name = LaunchScreen.storyboard;
			sourceTree = "<group>";
		};
/* End PBXVariantGroup section */

/* Begin XCBuildConfiguration section */
		2DFC85FA2221DCF2006EB400 /* Debug */ = {
			isa = XCBuildConfiguration;
			buildSettings = {
				ALWAYS_SEARCH_USER_PATHS = NO;
				CLANG_ANALYZER_NONNULL = YES;
				CLANG_ANALYZER_NUMBER_OBJECT_CONVERSION = YES_AGGRESSIVE;
				CLANG_CXX_LANGUAGE_STANDARD = "gnu++14";
				CLANG_CXX_LIBRARY = "libc++";
				CLANG_ENABLE_MODULES = YES;
				CLANG_ENABLE_OBJC_ARC = YES;
				CLANG_ENABLE_OBJC_WEAK = YES;
				CLANG_WARN_BLOCK_CAPTURE_AUTORELEASING = YES;
				CLANG_WARN_BOOL_CONVERSION = YES;
				CLANG_WARN_COMMA = YES;
				CLANG_WARN_CONSTANT_CONVERSION = YES;
				CLANG_WARN_DEPRECATED_OBJC_IMPLEMENTATIONS = YES;
				CLANG_WARN_DIRECT_OBJC_ISA_USAGE = YES_ERROR;
				CLANG_WARN_DOCUMENTATION_COMMENTS = YES;
				CLANG_WARN_EMPTY_BODY = YES;
				CLANG_WARN_ENUM_CONVERSION = YES;
				CLANG_WARN_INFINITE_RECURSION = YES;
				CLANG_WARN_INT_CONVERSION = YES;
				CLANG_WARN_NON_LITERAL_NULL_CONVERSION = YES;
				CLANG_WARN_OBJC_IMPLICIT_RETAIN_SELF = YES;
				CLANG_WARN_OBJC_LITERAL_CONVERSION = YES;
				CLANG_WARN_OBJC_ROOT_CLASS = YES_ERROR;
				CLANG_WARN_RANGE_LOOP_ANALYSIS = YES;
				CLANG_WARN_STRICT_PROTOTYPES = YES;
				CLANG_WARN_SUSPICIOUS_MOVE = YES;
				CLANG_WARN_UNGUARDED_AVAILABILITY = YES_AGGRESSIVE;
				CLANG_WARN_UNREACHABLE_CODE = YES;
				CLANG_WARN__DUPLICATE_METHOD_MATCH = YES;
				CODE_SIGN_IDENTITY = "iPhone Developer";
				COPY_PHASE_STRIP = NO;
				DEBUG_INFORMATION_FORMAT = dwarf;
				ENABLE_STRICT_OBJC_MSGSEND = YES;
				ENABLE_TESTABILITY = YES;
				GCC_C_LANGUAGE_STANDARD = gnu11;
				GCC_DYNAMIC_NO_PIC = NO;
				GCC_NO_COMMON_BLOCKS = YES;
				GCC_OPTIMIZATION_LEVEL = 0;
				GCC_PREPROCESSOR_DEFINITIONS = (
					"DEBUG=1",
					"$(inherited)",
				);
				GCC_WARN_64_TO_32_BIT_CONVERSION = YES;
				GCC_WARN_ABOUT_RETURN_TYPE = YES_ERROR;
				GCC_WARN_UNDECLARED_SELECTOR = YES;
				GCC_WARN_UNINITIALIZED_AUTOS = YES_AGGRESSIVE;
				GCC_WARN_UNUSED_FUNCTION = YES;
				GCC_WARN_UNUSED_VARIABLE = YES;
				IPHONEOS_DEPLOYMENT_TARGET = 12.1;
				MTL_ENABLE_DEBUG_INFO = INCLUDE_SOURCE;
				MTL_FAST_MATH = YES;
				ONLY_ACTIVE_ARCH = YES;
				SDKROOT = iphoneos;
				SWIFT_ACTIVE_COMPILATION_CONDITIONS = DEBUG;
				SWIFT_OPTIMIZATION_LEVEL = "-Onone";
			};
			name = Debug;
		};
		2DFC85FB2221DCF2006EB400 /* Release */ = {
			isa = XCBuildConfiguration;
			buildSettings = {
				ALWAYS_SEARCH_USER_PATHS = NO;
				CLANG_ANALYZER_NONNULL = YES;
				CLANG_ANALYZER_NUMBER_OBJECT_CONVERSION = YES_AGGRESSIVE;
				CLANG_CXX_LANGUAGE_STANDARD = "gnu++14";
				CLANG_CXX_LIBRARY = "libc++";
				CLANG_ENABLE_MODULES = YES;
				CLANG_ENABLE_OBJC_ARC = YES;
				CLANG_ENABLE_OBJC_WEAK = YES;
				CLANG_WARN_BLOCK_CAPTURE_AUTORELEASING = YES;
				CLANG_WARN_BOOL_CONVERSION = YES;
				CLANG_WARN_COMMA = YES;
				CLANG_WARN_CONSTANT_CONVERSION = YES;
				CLANG_WARN_DEPRECATED_OBJC_IMPLEMENTATIONS = YES;
				CLANG_WARN_DIRECT_OBJC_ISA_USAGE = YES_ERROR;
				CLANG_WARN_DOCUMENTATION_COMMENTS = YES;
				CLANG_WARN_EMPTY_BODY = YES;
				CLANG_WARN_ENUM_CONVERSION = YES;
				CLANG_WARN_INFINITE_RECURSION = YES;
				CLANG_WARN_INT_CONVERSION = YES;
				CLANG_WARN_NON_LITERAL_NULL_CONVERSION = YES;
				CLANG_WARN_OBJC_IMPLICIT_RETAIN_SELF = YES;
				CLANG_WARN_OBJC_LITERAL_CONVERSION = YES;
				CLANG_WARN_OBJC_ROOT_CLASS = YES_ERROR;
				CLANG_WARN_RANGE_LOOP_ANALYSIS = YES;
				CLANG_WARN_STRICT_PROTOTYPES = YES;
				CLANG_WARN_SUSPICIOUS_MOVE = YES;
				CLANG_WARN_UNGUARDED_AVAILABILITY = YES_AGGRESSIVE;
				CLANG_WARN_UNREACHABLE_CODE = YES;
				CLANG_WARN__DUPLICATE_METHOD_MATCH = YES;
				CODE_SIGN_IDENTITY = "iPhone Developer";
				COPY_PHASE_STRIP = NO;
				DEBUG_INFORMATION_FORMAT = "dwarf-with-dsym";
				ENABLE_NS_ASSERTIONS = NO;
				ENABLE_STRICT_OBJC_MSGSEND = YES;
				GCC_C_LANGUAGE_STANDARD = gnu11;
				GCC_NO_COMMON_BLOCKS = YES;
				GCC_WARN_64_TO_32_BIT_CONVERSION = YES;
				GCC_WARN_ABOUT_RETURN_TYPE = YES_ERROR;
				GCC_WARN_UNDECLARED_SELECTOR = YES;
				GCC_WARN_UNINITIALIZED_AUTOS = YES_AGGRESSIVE;
				GCC_WARN_UNUSED_FUNCTION = YES;
				GCC_WARN_UNUSED_VARIABLE = YES;
				IPHONEOS_DEPLOYMENT_TARGET = 12.1;
				MTL_ENABLE_DEBUG_INFO = NO;
				MTL_FAST_MATH = YES;
				SDKROOT = iphoneos;
				SWIFT_COMPILATION_MODE = wholemodule;
				SWIFT_OPTIMIZATION_LEVEL = "-O";
				VALIDATE_PRODUCT = YES;
			};
			name = Release;
		};
		2DFC85FD2221DCF2006EB400 /* Debug */ = {
			isa = XCBuildConfiguration;
			baseConfigurationReference = 584FB6569517BD06C51DA424 /* Pods-HackIllinois 2019.debug.xcconfig */;
			buildSettings = {
				ASSETCATALOG_COMPILER_APPICON_NAME = AppIcon;
				CODE_SIGN_STYLE = Automatic;
				DEVELOPMENT_TEAM = 4GVB8TVM32;
				INFOPLIST_FILE = "HackIllinois 2019/Info.plist";
				IPHONEOS_DEPLOYMENT_TARGET = 10.3;
				LD_RUNPATH_SEARCH_PATHS = (
					"$(inherited)",
					"@executable_path/Frameworks",
				);
				PRODUCT_BUNDLE_IDENTIFIER = "com.example.HackIllinois-2019";
				PRODUCT_NAME = "$(TARGET_NAME)";
				SWIFT_VERSION = 4.2;
				TARGETED_DEVICE_FAMILY = "1,2";
			};
			name = Debug;
		};
		2DFC85FE2221DCF2006EB400 /* Release */ = {
			isa = XCBuildConfiguration;
			baseConfigurationReference = D577AF5B9647A6528B8502EE /* Pods-HackIllinois 2019.release.xcconfig */;
			buildSettings = {
				ASSETCATALOG_COMPILER_APPICON_NAME = AppIcon;
				CODE_SIGN_STYLE = Automatic;
				DEVELOPMENT_TEAM = 4GVB8TVM32;
				INFOPLIST_FILE = "HackIllinois 2019/Info.plist";
				IPHONEOS_DEPLOYMENT_TARGET = 10.3;
				LD_RUNPATH_SEARCH_PATHS = (
					"$(inherited)",
					"@executable_path/Frameworks",
				);
				PRODUCT_BUNDLE_IDENTIFIER = "com.example.HackIllinois-2019";
				PRODUCT_NAME = "$(TARGET_NAME)";
				SWIFT_VERSION = 4.2;
				TARGETED_DEVICE_FAMILY = "1,2";
			};
			name = Release;
		};
		2DFC86002221DCF2006EB400 /* Debug */ = {
			isa = XCBuildConfiguration;
			baseConfigurationReference = 698CC567AC9295BF76EBF81A /* Pods-HackIllinois 2019Tests.debug.xcconfig */;
			buildSettings = {
				ALWAYS_EMBED_SWIFT_STANDARD_LIBRARIES = YES;
				BUNDLE_LOADER = "$(TEST_HOST)";
				CODE_SIGN_STYLE = Automatic;
				DEVELOPMENT_TEAM = 4GVB8TVM32;
				INFOPLIST_FILE = "HackIllinois 2019Tests/Info.plist";
				LD_RUNPATH_SEARCH_PATHS = (
					"$(inherited)",
					"@executable_path/Frameworks",
					"@loader_path/Frameworks",
				);
				PRODUCT_BUNDLE_IDENTIFIER = "com.example.HackIllinois-2019Tests";
				PRODUCT_NAME = "$(TARGET_NAME)";
				SWIFT_VERSION = 4.2;
				TARGETED_DEVICE_FAMILY = "1,2";
				TEST_HOST = "$(BUILT_PRODUCTS_DIR)/HackIllinois 2019.app/HackIllinois 2019";
			};
			name = Debug;
		};
		2DFC86012221DCF2006EB400 /* Release */ = {
			isa = XCBuildConfiguration;
			baseConfigurationReference = 7BA771C936D86285E288442F /* Pods-HackIllinois 2019Tests.release.xcconfig */;
			buildSettings = {
				ALWAYS_EMBED_SWIFT_STANDARD_LIBRARIES = YES;
				BUNDLE_LOADER = "$(TEST_HOST)";
				CODE_SIGN_STYLE = Automatic;
				DEVELOPMENT_TEAM = 4GVB8TVM32;
				INFOPLIST_FILE = "HackIllinois 2019Tests/Info.plist";
				LD_RUNPATH_SEARCH_PATHS = (
					"$(inherited)",
					"@executable_path/Frameworks",
					"@loader_path/Frameworks",
				);
				PRODUCT_BUNDLE_IDENTIFIER = "com.example.HackIllinois-2019Tests";
				PRODUCT_NAME = "$(TARGET_NAME)";
				SWIFT_VERSION = 4.2;
				TARGETED_DEVICE_FAMILY = "1,2";
				TEST_HOST = "$(BUILT_PRODUCTS_DIR)/HackIllinois 2019.app/HackIllinois 2019";
			};
			name = Release;
		};
		2DFC86032221DCF2006EB400 /* Debug */ = {
			isa = XCBuildConfiguration;
			baseConfigurationReference = 27B46F03468D821D8939FA54 /* Pods-HackIllinois 2019UITests.debug.xcconfig */;
			buildSettings = {
				ALWAYS_EMBED_SWIFT_STANDARD_LIBRARIES = YES;
				CODE_SIGN_STYLE = Automatic;
				DEVELOPMENT_TEAM = 4GVB8TVM32;
				INFOPLIST_FILE = "HackIllinois 2019UITests/Info.plist";
				LD_RUNPATH_SEARCH_PATHS = (
					"$(inherited)",
					"@executable_path/Frameworks",
					"@loader_path/Frameworks",
				);
				PRODUCT_BUNDLE_IDENTIFIER = "com.example.HackIllinois-2019UITests";
				PRODUCT_NAME = "$(TARGET_NAME)";
				SWIFT_VERSION = 4.2;
				TARGETED_DEVICE_FAMILY = "1,2";
				TEST_TARGET_NAME = "HackIllinois 2019";
			};
			name = Debug;
		};
		2DFC86042221DCF2006EB400 /* Release */ = {
			isa = XCBuildConfiguration;
			baseConfigurationReference = 0996CD50C4A04D6AC4EC9DB7 /* Pods-HackIllinois 2019UITests.release.xcconfig */;
			buildSettings = {
				ALWAYS_EMBED_SWIFT_STANDARD_LIBRARIES = YES;
				CODE_SIGN_STYLE = Automatic;
				DEVELOPMENT_TEAM = 4GVB8TVM32;
				INFOPLIST_FILE = "HackIllinois 2019UITests/Info.plist";
				LD_RUNPATH_SEARCH_PATHS = (
					"$(inherited)",
					"@executable_path/Frameworks",
					"@loader_path/Frameworks",
				);
				PRODUCT_BUNDLE_IDENTIFIER = "com.example.HackIllinois-2019UITests";
				PRODUCT_NAME = "$(TARGET_NAME)";
				SWIFT_VERSION = 4.2;
				TARGETED_DEVICE_FAMILY = "1,2";
				TEST_TARGET_NAME = "HackIllinois 2019";
			};
			name = Release;
		};
/* End XCBuildConfiguration section */

/* Begin XCConfigurationList section */
		2DFC85CD2221DCF0006EB400 /* Build configuration list for PBXProject "HackIllinois 2019" */ = {
			isa = XCConfigurationList;
			buildConfigurations = (
				2DFC85FA2221DCF2006EB400 /* Debug */,
				2DFC85FB2221DCF2006EB400 /* Release */,
			);
			defaultConfigurationIsVisible = 0;
			defaultConfigurationName = Release;
		};
		2DFC85FC2221DCF2006EB400 /* Build configuration list for PBXNativeTarget "HackIllinois 2019" */ = {
			isa = XCConfigurationList;
			buildConfigurations = (
				2DFC85FD2221DCF2006EB400 /* Debug */,
				2DFC85FE2221DCF2006EB400 /* Release */,
			);
			defaultConfigurationIsVisible = 0;
			defaultConfigurationName = Release;
		};
		2DFC85FF2221DCF2006EB400 /* Build configuration list for PBXNativeTarget "HackIllinois 2019Tests" */ = {
			isa = XCConfigurationList;
			buildConfigurations = (
				2DFC86002221DCF2006EB400 /* Debug */,
				2DFC86012221DCF2006EB400 /* Release */,
			);
			defaultConfigurationIsVisible = 0;
			defaultConfigurationName = Release;
		};
		2DFC86022221DCF2006EB400 /* Build configuration list for PBXNativeTarget "HackIllinois 2019UITests" */ = {
			isa = XCConfigurationList;
			buildConfigurations = (
				2DFC86032221DCF2006EB400 /* Debug */,
				2DFC86042221DCF2006EB400 /* Release */,
			);
			defaultConfigurationIsVisible = 0;
			defaultConfigurationName = Release;
		};
/* End XCConfigurationList section */
	};
	rootObject = 2DFC85CA2221DCF0006EB400 /* Project object */;
}
